
Microsoft Visual Studio Solution File, Format Version 12.00
Project("{FAE04EC0-301F-11D3-BF4B-00C04F79EFBC}") = "Homework_1", "Homework_1\Homework_1.csproj", "{28A86857-E126-4C8E-8477-C9A67D485FBE}"
EndProject
Project("{FAE04EC0-301F-11D3-BF4B-00C04F79EFBC}") = "Homework_2", "Homework_2\Homework_2.csproj", "{CDF4FD83-E582-415A-8B6E-269E8FDAC822}"
EndProject
Project("{FAE04EC0-301F-11D3-BF4B-00C04F79EFBC}") = "Homework_4", "Homework_4\Homework_4.csproj", "{452D6151-F789-49BB-BECA-D1C1FABEA0BE}"
EndProject
Project("{FAE04EC0-301F-11D3-BF4B-00C04F79EFBC}") = "Homework_4.5", "Homework_4.5\Homework_4.5.csproj", "{BB27C823-398C-4EDB-87A7-E60DA4946FC9}"
EndProject
Project("{FAE04EC0-301F-11D3-BF4B-00C04F79EFBC}") = "Core", "Core\Core.csproj", "{0F4697E9-5C42-4C5A-B7B2-ECFC9C1CD510}"
EndProject
Project("{FAE04EC0-301F-11D3-BF4B-00C04F79EFBC}") = "Homework_5", "Homework_5\Homework_5.csproj", "{850ACBAB-469C-4B94-8752-4E60F369311F}"
EndProject
Project("{FAE04EC0-301F-11D3-BF4B-00C04F79EFBC}") = "UnitTests", "UnitTests\UnitTests.csproj", "{43D9015F-B35B-450A-A74B-4F68C61EC4C9}"
EndProject
Global
	GlobalSection(SolutionConfigurationPlatforms) = preSolution
		Debug|Any CPU = Debug|Any CPU
		Release|Any CPU = Release|Any CPU
	EndGlobalSection
	GlobalSection(ProjectConfigurationPlatforms) = postSolution
		{28A86857-E126-4C8E-8477-C9A67D485FBE}.Debug|Any CPU.ActiveCfg = Debug|Any CPU
		{28A86857-E126-4C8E-8477-C9A67D485FBE}.Debug|Any CPU.Build.0 = Debug|Any CPU
		{28A86857-E126-4C8E-8477-C9A67D485FBE}.Release|Any CPU.ActiveCfg = Release|Any CPU
		{28A86857-E126-4C8E-8477-C9A67D485FBE}.Release|Any CPU.Build.0 = Release|Any CPU
		{CDF4FD83-E582-415A-8B6E-269E8FDAC822}.Debug|Any CPU.ActiveCfg = Debug|Any CPU
		{CDF4FD83-E582-415A-8B6E-269E8FDAC822}.Debug|Any CPU.Build.0 = Debug|Any CPU
		{CDF4FD83-E582-415A-8B6E-269E8FDAC822}.Release|Any CPU.ActiveCfg = Release|Any CPU
		{CDF4FD83-E582-415A-8B6E-269E8FDAC822}.Release|Any CPU.Build.0 = Release|Any CPU
		{452D6151-F789-49BB-BECA-D1C1FABEA0BE}.Debug|Any CPU.ActiveCfg = Debug|Any CPU
		{452D6151-F789-49BB-BECA-D1C1FABEA0BE}.Debug|Any CPU.Build.0 = Debug|Any CPU
		{452D6151-F789-49BB-BECA-D1C1FABEA0BE}.Release|Any CPU.ActiveCfg = Release|Any CPU
		{452D6151-F789-49BB-BECA-D1C1FABEA0BE}.Release|Any CPU.Build.0 = Release|Any CPU
		{BB27C823-398C-4EDB-87A7-E60DA4946FC9}.Debug|Any CPU.ActiveCfg = Debug|Any CPU
		{BB27C823-398C-4EDB-87A7-E60DA4946FC9}.Debug|Any CPU.Build.0 = Debug|Any CPU
		{BB27C823-398C-4EDB-87A7-E60DA4946FC9}.Release|Any CPU.ActiveCfg = Release|Any CPU
		{BB27C823-398C-4EDB-87A7-E60DA4946FC9}.Release|Any CPU.Build.0 = Release|Any CPU
		{0F4697E9-5C42-4C5A-B7B2-ECFC9C1CD510}.Debug|Any CPU.ActiveCfg = Debug|Any CPU
		{0F4697E9-5C42-4C5A-B7B2-ECFC9C1CD510}.Debug|Any CPU.Build.0 = Debug|Any CPU
		{0F4697E9-5C42-4C5A-B7B2-ECFC9C1CD510}.Release|Any CPU.ActiveCfg = Release|Any CPU
		{0F4697E9-5C42-4C5A-B7B2-ECFC9C1CD510}.Release|Any CPU.Build.0 = Release|Any CPU
		{850ACBAB-469C-4B94-8752-4E60F369311F}.Debug|Any CPU.ActiveCfg = Debug|Any CPU
		{850ACBAB-469C-4B94-8752-4E60F369311F}.Debug|Any CPU.Build.0 = Debug|Any CPU
		{850ACBAB-469C-4B94-8752-4E60F369311F}.Release|Any CPU.ActiveCfg = Release|Any CPU
		{850ACBAB-469C-4B94-8752-4E60F369311F}.Release|Any CPU.Build.0 = Release|Any CPU
		{43D9015F-B35B-450A-A74B-4F68C61EC4C9}.Debug|Any CPU.ActiveCfg = Debug|Any CPU
		{43D9015F-B35B-450A-A74B-4F68C61EC4C9}.Debug|Any CPU.Build.0 = Debug|Any CPU
		{43D9015F-B35B-450A-A74B-4F68C61EC4C9}.Release|Any CPU.ActiveCfg = Release|Any CPU
		{43D9015F-B35B-450A-A74B-4F68C61EC4C9}.Release|Any CPU.Build.0 = Release|Any CPU
	EndGlobalSection
EndGlobal
